
Microsoft Visual Studio Solution File, Format Version 12.00
# Visual Studio Version 16
VisualStudioVersion = 16.0.28803.352
MinimumVisualStudioVersion = 10.0.40219.1
Project("{FAE04EC0-301F-11D3-BF4B-00C04F79EFBC}") = "RK_LAB1", "RK_LAB1\RK_LAB1.csproj", "{960131C9-5474-4E4C-A89B-EF6A63D54942}"
EndProject
Global
	GlobalSection(SolutionConfigurationPlatforms) = preSolution
		Debug|Any CPU = Debug|Any CPU
		Release|Any CPU = Release|Any CPU
	EndGlobalSection
	GlobalSection(ProjectConfigurationPlatforms) = postSolution
		{960131C9-5474-4E4C-A89B-EF6A63D54942}.Debug|Any CPU.ActiveCfg = Debug|Any CPU
		{960131C9-5474-4E4C-A89B-EF6A63D54942}.Debug|Any CPU.Build.0 = Debug|Any CPU
		{960131C9-5474-4E4C-A89B-EF6A63D54942}.Release|Any CPU.ActiveCfg = Release|Any CPU
		{960131C9-5474-4E4C-A89B-EF6A63D54942}.Release|Any CPU.Build.0 = Release|Any CPU
	EndGlobalSection
	GlobalSection(SolutionProperties) = preSolution
		HideSolutionNode = FALSE
	EndGlobalSection
	GlobalSection(ExtensibilityGlobals) = postSolution
		SolutionGuid = {847C67E7-0FE1-4A20-BA9F-1EB5D6511488}
	EndGlobalSection
EndGlobal
